
Microsoft Visual Studio Solution File, Format Version 12.00
# Visual Studio Version 16
VisualStudioVersion = 16.0.29025.244
MinimumVisualStudioVersion = 10.0.40219.1
Project("{FAE04EC0-301F-11D3-BF4B-00C04F79EFBC}") = "MyApp.Web", "MyApp.Web\MyApp.Web.csproj", "{79FEA443-099B-45B7-AD23-5563283DA3CF}"
EndProject
Global
	GlobalSection(SolutionConfigurationPlatforms) = preSolution
		Debug|Any CPU = Debug|Any CPU
		Release|Any CPU = Release|Any CPU
	EndGlobalSection
	GlobalSection(ProjectConfigurationPlatforms) = postSolution
		{79FEA443-099B-45B7-AD23-5563283DA3CF}.Debug|Any CPU.ActiveCfg = Debug|Any CPU
		{79FEA443-099B-45B7-AD23-5563283DA3CF}.Debug|Any CPU.Build.0 = Debug|Any CPU
		{79FEA443-099B-45B7-AD23-5563283DA3CF}.Release|Any CPU.ActiveCfg = Release|Any CPU
		{79FEA443-099B-45B7-AD23-5563283DA3CF}.Release|Any CPU.Build.0 = Release|Any CPU
	EndGlobalSection
	GlobalSection(SolutionProperties) = preSolution
		HideSolutionNode = FALSE
	EndGlobalSection
	GlobalSection(ExtensibilityGlobals) = postSolution
		SolutionGuid = {CABC24F7-5903-4E93-A092-9EBE6EA04552}
	EndGlobalSection
EndGlobal
